
Microsoft Visual Studio Solution File, Format Version 12.00
# Visual Studio Version 17
VisualStudioVersion = 17.5.002.0
MinimumVisualStudioVersion = 10.0.40219.1
Project("{9A19103F-16F7-4668-BE54-9A1E7A4F7556}") = "ScreenSound", "ScreenSound.csproj", "{F2DCBA7D-69FD-4063-9F3D-E090F46A0EF4}"
EndProject
Global
	GlobalSection(SolutionConfigurationPlatforms) = preSolution
		Debug|Any CPU = Debug|Any CPU
		Release|Any CPU = Release|Any CPU
	EndGlobalSection
	GlobalSection(ProjectConfigurationPlatforms) = postSolution
		{F2DCBA7D-69FD-4063-9F3D-E090F46A0EF4}.Debug|Any CPU.ActiveCfg = Debug|Any CPU
		{F2DCBA7D-69FD-4063-9F3D-E090F46A0EF4}.Debug|Any CPU.Build.0 = Debug|Any CPU
		{F2DCBA7D-69FD-4063-9F3D-E090F46A0EF4}.Release|Any CPU.ActiveCfg = Release|Any CPU
		{F2DCBA7D-69FD-4063-9F3D-E090F46A0EF4}.Release|Any CPU.Build.0 = Release|Any CPU
	EndGlobalSection
	GlobalSection(SolutionProperties) = preSolution
		HideSolutionNode = FALSE
	EndGlobalSection
	GlobalSection(ExtensibilityGlobals) = postSolution
		SolutionGuid = {D47EE1F2-82B1-46E7-B29B-BE31E4947A47}
	EndGlobalSection
EndGlobal
